// !$*UTF8*$!
{
	archiveVersion = 1;
	classes = {
	};
	objectVersion = 56;
	objects = {

/* Begin PBXBuildFile section */
		6C025BF129EEA0A0005B88E2 /* UserRowView.swift in Sources */ = {isa = PBXBuildFile; fileRef = 6C025BF029EEA0A0005B88E2 /* UserRowView.swift */; };
		6C025BF829EEA466005B88E2 /* SideMenuRowView.swift in Sources */ = {isa = PBXBuildFile; fileRef = 6C025BF729EEA466005B88E2 /* SideMenuRowView.swift */; };
		6C025BFA29EEA47D005B88E2 /* SideMenuViewModel.swift in Sources */ = {isa = PBXBuildFile; fileRef = 6C025BF929EEA47D005B88E2 /* SideMenuViewModel.swift */; };
		6C025BFC29EEA9A7005B88E2 /* UserStatsView.swift in Sources */ = {isa = PBXBuildFile; fileRef = 6C025BFB29EEA9A7005B88E2 /* UserStatsView.swift */; };
		6C1B6DF529EEC19E008133BF /* NewTweetsView.swift in Sources */ = {isa = PBXBuildFile; fileRef = 6C1B6DF429EEC19E008133BF /* NewTweetsView.swift */; };
		6C1B6DF729EEC419008133BF /* TextArea.swift in Sources */ = {isa = PBXBuildFile; fileRef = 6C1B6DF629EEC419008133BF /* TextArea.swift */; };
		6C1B6DF929EEC855008133BF /* SideMenuView.swift in Sources */ = {isa = PBXBuildFile; fileRef = 6C1B6DF829EEC855008133BF /* SideMenuView.swift */; };
		6C49F25929ED5DCC00E36A73 /* TwitterCloneApp.swift in Sources */ = {isa = PBXBuildFile; fileRef = 6C49F25829ED5DCC00E36A73 /* TwitterCloneApp.swift */; };
		6C49F25B29ED5DCC00E36A73 /* ContentView.swift in Sources */ = {isa = PBXBuildFile; fileRef = 6C49F25A29ED5DCC00E36A73 /* ContentView.swift */; };
		6C49F25D29ED5DCC00E36A73 /* Assets.xcassets in Resources */ = {isa = PBXBuildFile; fileRef = 6C49F25C29ED5DCC00E36A73 /* Assets.xcassets */; };
		6C49F26029ED5DCC00E36A73 /* Preview Assets.xcassets in Resources */ = {isa = PBXBuildFile; fileRef = 6C49F25F29ED5DCC00E36A73 /* Preview Assets.xcassets */; };
		6C49F27229ED5EB900E36A73 /* FeedView.swift in Sources */ = {isa = PBXBuildFile; fileRef = 6C49F27129ED5EB900E36A73 /* FeedView.swift */; };
		6C49F27529ED607A00E36A73 /* TweetsRowView.swift in Sources */ = {isa = PBXBuildFile; fileRef = 6C49F27429ED607A00E36A73 /* TweetsRowView.swift */; };
		6C49F27729ED653A00E36A73 /* IconAssets.swift in Sources */ = {isa = PBXBuildFile; fileRef = 6C49F27629ED653A00E36A73 /* IconAssets.swift */; };
		6C49F27A29ED6A3B00E36A73 /* MainTabView.swift in Sources */ = {isa = PBXBuildFile; fileRef = 6C49F27929ED6A3B00E36A73 /* MainTabView.swift */; };
		6C49F28129ED6B8800E36A73 /* NotificationsView.swift in Sources */ = {isa = PBXBuildFile; fileRef = 6C49F28029ED6B8800E36A73 /* NotificationsView.swift */; };
		6C49F28329ED6B9A00E36A73 /* MessagesView.swift in Sources */ = {isa = PBXBuildFile; fileRef = 6C49F28229ED6B9A00E36A73 /* MessagesView.swift */; };
		6C49F28529ED6BAE00E36A73 /* ExploreView.swift in Sources */ = {isa = PBXBuildFile; fileRef = 6C49F28429ED6BAE00E36A73 /* ExploreView.swift */; };
		6C49F28729ED6BC200E36A73 /* ProfileView.swift in Sources */ = {isa = PBXBuildFile; fileRef = 6C49F28629ED6BC200E36A73 /* ProfileView.swift */; };
		6C49F28D29ED7B3D00E36A73 /* TweetFilterViewModel.swift in Sources */ = {isa = PBXBuildFile; fileRef = 6C49F28C29ED7B3D00E36A73 /* TweetFilterViewModel.swift */; };
		6C6A2B3429F0264B00EFAA80 /* LoginView.swift in Sources */ = {isa = PBXBuildFile; fileRef = 6C6A2B3329F0264B00EFAA80 /* LoginView.swift */; };
		6C6A2B3629F0292D00EFAA80 /* RoundedShape.swift in Sources */ = {isa = PBXBuildFile; fileRef = 6C6A2B3529F0292D00EFAA80 /* RoundedShape.swift */; };
		6C6A2B3829F0454100EFAA80 /* RegisterView.swift in Sources */ = {isa = PBXBuildFile; fileRef = 6C6A2B3729F0454100EFAA80 /* RegisterView.swift */; };
		6C6A2B3A29F0468D00EFAA80 /* CustomInputFields.swift in Sources */ = {isa = PBXBuildFile; fileRef = 6C6A2B3929F0468D00EFAA80 /* CustomInputFields.swift */; };
		6C6A2B3D29F0480400EFAA80 /* AuthenticationHeader.swift in Sources */ = {isa = PBXBuildFile; fileRef = 6C6A2B3C29F0480400EFAA80 /* AuthenticationHeader.swift */; };
		6C6A2B3F29F04D6D00EFAA80 /* GoogleService-Info.plist in Resources */ = {isa = PBXBuildFile; fileRef = 6C6A2B3E29F04D6D00EFAA80 /* GoogleService-Info.plist */; };
		6C6A2B4229F04F8C00EFAA80 /* FirebaseAuth in Frameworks */ = {isa = PBXBuildFile; productRef = 6C6A2B4129F04F8C00EFAA80 /* FirebaseAuth */; };
		6C6A2B4429F04F8C00EFAA80 /* FirebaseFirestore in Frameworks */ = {isa = PBXBuildFile; productRef = 6C6A2B4329F04F8C00EFAA80 /* FirebaseFirestore */; };
		6C6A2B4629F04F8C00EFAA80 /* FirebaseFirestoreSwift in Frameworks */ = {isa = PBXBuildFile; productRef = 6C6A2B4529F04F8C00EFAA80 /* FirebaseFirestoreSwift */; };
		6C6A2B4829F04F8C00EFAA80 /* FirebaseStorage in Frameworks */ = {isa = PBXBuildFile; productRef = 6C6A2B4729F04F8C00EFAA80 /* FirebaseStorage */; };
		6C6A2B4A29F0504300EFAA80 /* AuthViewModel.swift in Sources */ = {isa = PBXBuildFile; fileRef = 6C6A2B4929F0504300EFAA80 /* AuthViewModel.swift */; };
/* End PBXBuildFile section */

/* Begin PBXFileReference section */
		6C025BF029EEA0A0005B88E2 /* UserRowView.swift */ = {isa = PBXFileReference; lastKnownFileType = sourcecode.swift; path = UserRowView.swift; sourceTree = "<group>"; };
		6C025BF729EEA466005B88E2 /* SideMenuRowView.swift */ = {isa = PBXFileReference; lastKnownFileType = sourcecode.swift; path = SideMenuRowView.swift; sourceTree = "<group>"; };
		6C025BF929EEA47D005B88E2 /* SideMenuViewModel.swift */ = {isa = PBXFileReference; lastKnownFileType = sourcecode.swift; path = SideMenuViewModel.swift; sourceTree = "<group>"; };
		6C025BFB29EEA9A7005B88E2 /* UserStatsView.swift */ = {isa = PBXFileReference; lastKnownFileType = sourcecode.swift; path = UserStatsView.swift; sourceTree = "<group>"; };
		6C1B6DF429EEC19E008133BF /* NewTweetsView.swift */ = {isa = PBXFileReference; lastKnownFileType = sourcecode.swift; path = NewTweetsView.swift; sourceTree = "<group>"; };
		6C1B6DF629EEC419008133BF /* TextArea.swift */ = {isa = PBXFileReference; lastKnownFileType = sourcecode.swift; path = TextArea.swift; sourceTree = "<group>"; };
		6C1B6DF829EEC855008133BF /* SideMenuView.swift */ = {isa = PBXFileReference; lastKnownFileType = sourcecode.swift; path = SideMenuView.swift; sourceTree = "<group>"; };
		6C49F25529ED5DCB00E36A73 /* TwitterClone.app */ = {isa = PBXFileReference; explicitFileType = wrapper.application; includeInIndex = 0; path = TwitterClone.app; sourceTree = BUILT_PRODUCTS_DIR; };
		6C49F25829ED5DCC00E36A73 /* TwitterCloneApp.swift */ = {isa = PBXFileReference; lastKnownFileType = sourcecode.swift; path = TwitterCloneApp.swift; sourceTree = "<group>"; };
		6C49F25A29ED5DCC00E36A73 /* ContentView.swift */ = {isa = PBXFileReference; lastKnownFileType = sourcecode.swift; path = ContentView.swift; sourceTree = "<group>"; };
		6C49F25C29ED5DCC00E36A73 /* Assets.xcassets */ = {isa = PBXFileReference; lastKnownFileType = folder.assetcatalog; path = Assets.xcassets; sourceTree = "<group>"; };
		6C49F25F29ED5DCC00E36A73 /* Preview Assets.xcassets */ = {isa = PBXFileReference; lastKnownFileType = folder.assetcatalog; path = "Preview Assets.xcassets"; sourceTree = "<group>"; };
		6C49F27129ED5EB900E36A73 /* FeedView.swift */ = {isa = PBXFileReference; lastKnownFileType = sourcecode.swift; path = FeedView.swift; sourceTree = "<group>"; };
		6C49F27429ED607A00E36A73 /* TweetsRowView.swift */ = {isa = PBXFileReference; lastKnownFileType = sourcecode.swift; path = TweetsRowView.swift; sourceTree = "<group>"; };
		6C49F27629ED653A00E36A73 /* IconAssets.swift */ = {isa = PBXFileReference; lastKnownFileType = sourcecode.swift; path = IconAssets.swift; sourceTree = "<group>"; };
		6C49F27929ED6A3B00E36A73 /* MainTabView.swift */ = {isa = PBXFileReference; lastKnownFileType = sourcecode.swift; path = MainTabView.swift; sourceTree = "<group>"; };
		6C49F28029ED6B8800E36A73 /* NotificationsView.swift */ = {isa = PBXFileReference; lastKnownFileType = sourcecode.swift; path = NotificationsView.swift; sourceTree = "<group>"; };
		6C49F28229ED6B9A00E36A73 /* MessagesView.swift */ = {isa = PBXFileReference; lastKnownFileType = sourcecode.swift; path = MessagesView.swift; sourceTree = "<group>"; };
		6C49F28429ED6BAE00E36A73 /* ExploreView.swift */ = {isa = PBXFileReference; lastKnownFileType = sourcecode.swift; path = ExploreView.swift; sourceTree = "<group>"; };
		6C49F28629ED6BC200E36A73 /* ProfileView.swift */ = {isa = PBXFileReference; lastKnownFileType = sourcecode.swift; path = ProfileView.swift; sourceTree = "<group>"; };
		6C49F28C29ED7B3D00E36A73 /* TweetFilterViewModel.swift */ = {isa = PBXFileReference; lastKnownFileType = sourcecode.swift; path = TweetFilterViewModel.swift; sourceTree = "<group>"; };
		6C6A2B3329F0264B00EFAA80 /* LoginView.swift */ = {isa = PBXFileReference; lastKnownFileType = sourcecode.swift; path = LoginView.swift; sourceTree = "<group>"; };
		6C6A2B3529F0292D00EFAA80 /* RoundedShape.swift */ = {isa = PBXFileReference; lastKnownFileType = sourcecode.swift; path = RoundedShape.swift; sourceTree = "<group>"; };
		6C6A2B3729F0454100EFAA80 /* RegisterView.swift */ = {isa = PBXFileReference; lastKnownFileType = sourcecode.swift; path = RegisterView.swift; sourceTree = "<group>"; };
		6C6A2B3929F0468D00EFAA80 /* CustomInputFields.swift */ = {isa = PBXFileReference; lastKnownFileType = sourcecode.swift; path = CustomInputFields.swift; sourceTree = "<group>"; };
		6C6A2B3C29F0480400EFAA80 /* AuthenticationHeader.swift */ = {isa = PBXFileReference; lastKnownFileType = sourcecode.swift; path = AuthenticationHeader.swift; sourceTree = "<group>"; };
		6C6A2B3E29F04D6D00EFAA80 /* GoogleService-Info.plist */ = {isa = PBXFileReference; fileEncoding = 4; lastKnownFileType = text.plist.xml; name = "GoogleService-Info.plist"; path = "../../GoogleService-Info.plist"; sourceTree = "<group>"; };
		6C6A2B4929F0504300EFAA80 /* AuthViewModel.swift */ = {isa = PBXFileReference; lastKnownFileType = sourcecode.swift; path = AuthViewModel.swift; sourceTree = "<group>"; };
/* End PBXFileReference section */

/* Begin PBXFrameworksBuildPhase section */
		6C49F25229ED5DCB00E36A73 /* Frameworks */ = {
			isa = PBXFrameworksBuildPhase;
			buildActionMask = 2147483647;
			files = (
				6C6A2B4229F04F8C00EFAA80 /* FirebaseAuth in Frameworks */,
				6C6A2B4829F04F8C00EFAA80 /* FirebaseStorage in Frameworks */,
				6C6A2B4429F04F8C00EFAA80 /* FirebaseFirestore in Frameworks */,
				6C6A2B4629F04F8C00EFAA80 /* FirebaseFirestoreSwift in Frameworks */,
			);
			runOnlyForDeploymentPostprocessing = 0;
		};
/* End PBXFrameworksBuildPhase section */

/* Begin PBXGroup section */
		6C025BED29EE9F9F005B88E2 /* ViewModel */ = {
			isa = PBXGroup;
			children = (
			);
			path = ViewModel;
			sourceTree = "<group>";
		};
		6C025BEE29EE9FA6005B88E2 /* View */ = {
			isa = PBXGroup;
			children = (
				6C49F28429ED6BAE00E36A73 /* ExploreView.swift */,
			);
			path = View;
			sourceTree = "<group>";
		};
		6C025BEF29EEA08F005B88E2 /* User */ = {
			isa = PBXGroup;
			children = (
				6C025BF029EEA0A0005B88E2 /* UserRowView.swift */,
				6C025BFB29EEA9A7005B88E2 /* UserStatsView.swift */,
			);
			path = User;
			sourceTree = "<group>";
		};
		6C025BF229EEA41B005B88E2 /* SideMenu */ = {
			isa = PBXGroup;
			children = (
				6C025BF329EEA42C005B88E2 /* ViewModel */,
				6C025BF429EEA432005B88E2 /* View */,
			);
			path = SideMenu;
			sourceTree = "<group>";
		};
		6C025BF329EEA42C005B88E2 /* ViewModel */ = {
			isa = PBXGroup;
			children = (
				6C025BF929EEA47D005B88E2 /* SideMenuViewModel.swift */,
			);
			path = ViewModel;
			sourceTree = "<group>";
		};
		6C025BF429EEA432005B88E2 /* View */ = {
			isa = PBXGroup;
			children = (
				6C025BF729EEA466005B88E2 /* SideMenuRowView.swift */,
				6C1B6DF829EEC855008133BF /* SideMenuView.swift */,
			);
			path = View;
			sourceTree = "<group>";
		};
		6C1B6DF029EEC17D008133BF /* UploadTweets */ = {
			isa = PBXGroup;
			children = (
				6C1B6DF329EEC18F008133BF /* Views */,
				6C1B6DF129EEC184008133BF /* ViewModels */,
			);
			path = UploadTweets;
			sourceTree = "<group>";
		};
		6C1B6DF129EEC184008133BF /* ViewModels */ = {
			isa = PBXGroup;
			children = (
			);
			path = ViewModels;
			sourceTree = "<group>";
		};
		6C1B6DF329EEC18F008133BF /* Views */ = {
			isa = PBXGroup;
			children = (
				6C1B6DF429EEC19E008133BF /* NewTweetsView.swift */,
			);
			path = Views;
			sourceTree = "<group>";
		};
		6C49F24C29ED5DCB00E36A73 = {
			isa = PBXGroup;
			children = (
				6C49F25729ED5DCB00E36A73 /* TwitterClone */,
				6C49F25629ED5DCB00E36A73 /* Products */,
			);
			sourceTree = "<group>";
		};
		6C49F25629ED5DCB00E36A73 /* Products */ = {
			isa = PBXGroup;
			children = (
				6C49F25529ED5DCB00E36A73 /* TwitterClone.app */,
			);
			name = Products;
			sourceTree = "<group>";
		};
		6C49F25729ED5DCB00E36A73 /* TwitterClone */ = {
			isa = PBXGroup;
			children = (
				6C49F26929ED5E4E00E36A73 /* Core */,
				6C49F26829ED5E4800E36A73 /* Service */,
				6C49F26729ED5E3F00E36A73 /* Model */,
				6C49F26629ED5E3800E36A73 /* Extension */,
				6C49F25829ED5DCC00E36A73 /* TwitterCloneApp.swift */,
				6C49F25A29ED5DCC00E36A73 /* ContentView.swift */,
				6C49F25C29ED5DCC00E36A73 /* Assets.xcassets */,
				6C6A2B3E29F04D6D00EFAA80 /* GoogleService-Info.plist */,
				6C49F25E29ED5DCC00E36A73 /* Preview Content */,
			);
			path = TwitterClone;
			sourceTree = "<group>";
		};
		6C49F25E29ED5DCC00E36A73 /* Preview Content */ = {
			isa = PBXGroup;
			children = (
				6C49F25F29ED5DCC00E36A73 /* Preview Assets.xcassets */,
			);
			path = "Preview Content";
			sourceTree = "<group>";
		};
		6C49F26629ED5E3800E36A73 /* Extension */ = {
			isa = PBXGroup;
			children = (
				6C49F27629ED653A00E36A73 /* IconAssets.swift */,
			);
			path = Extension;
			sourceTree = "<group>";
		};
		6C49F26729ED5E3F00E36A73 /* Model */ = {
			isa = PBXGroup;
			children = (
			);
			path = Model;
			sourceTree = "<group>";
		};
		6C49F26829ED5E4800E36A73 /* Service */ = {
			isa = PBXGroup;
			children = (
			);
			path = Service;
			sourceTree = "<group>";
		};
		6C49F26929ED5E4E00E36A73 /* Core */ = {
			isa = PBXGroup;
			children = (
				6C49F26A29ED5E6100E36A73 /* Components */,
				6C6A2B3029F0261D00EFAA80 /* Authhenticion */,
				6C1B6DF029EEC17D008133BF /* UploadTweets */,
				6C49F27F29ED6B6800E36A73 /* Notifications */,
				6C025BF229EEA41B005B88E2 /* SideMenu */,
				6C49F27E29ED6B6300E36A73 /* Messages */,
				6C49F27C29ED6B5300E36A73 /* Explore */,
				6C49F27B29ED6B4A00E36A73 /* Profile */,
				6C49F27829ED6A0A00E36A73 /* MainTab */,
				6C49F26B29ED5E7600E36A73 /* Feed */,
			);
			path = Core;
			sourceTree = "<group>";
		};
		6C49F26A29ED5E6100E36A73 /* Components */ = {
			isa = PBXGroup;
			children = (
				6C6A2B3B29F047E400EFAA80 /* Authhentication */,
				6C025BEF29EEA08F005B88E2 /* User */,
				6C49F27329ED606100E36A73 /* Tweets */,
				6C1B6DF629EEC419008133BF /* TextArea.swift */,
				6C6A2B3529F0292D00EFAA80 /* RoundedShape.swift */,
				6C6A2B3929F0468D00EFAA80 /* CustomInputFields.swift */,
			);
			path = Components;
			sourceTree = "<group>";
		};
		6C49F26B29ED5E7600E36A73 /* Feed */ = {
			isa = PBXGroup;
			children = (
				6C49F26E29ED5E9400E36A73 /* View */,
				6C49F26C29ED5E7C00E36A73 /* ViewModels */,
			);
			path = Feed;
			sourceTree = "<group>";
		};
		6C49F26C29ED5E7C00E36A73 /* ViewModels */ = {
			isa = PBXGroup;
			children = (
			);
			path = ViewModels;
			sourceTree = "<group>";
		};
		6C49F26E29ED5E9400E36A73 /* View */ = {
			isa = PBXGroup;
			children = (
				6C49F27129ED5EB900E36A73 /* FeedView.swift */,
			);
			path = View;
			sourceTree = "<group>";
		};
		6C49F27329ED606100E36A73 /* Tweets */ = {
			isa = PBXGroup;
			children = (
				6C49F27429ED607A00E36A73 /* TweetsRowView.swift */,
			);
			path = Tweets;
			sourceTree = "<group>";
		};
		6C49F27829ED6A0A00E36A73 /* MainTab */ = {
			isa = PBXGroup;
			children = (
				6C49F27929ED6A3B00E36A73 /* MainTabView.swift */,
			);
			path = MainTab;
			sourceTree = "<group>";
		};
		6C49F27B29ED6B4A00E36A73 /* Profile */ = {
			isa = PBXGroup;
			children = (
				6C49F28B29ED6F1400E36A73 /* ViewModels */,
				6C49F28829ED6EF300E36A73 /* Views */,
			);
			path = Profile;
			sourceTree = "<group>";
		};
		6C49F27C29ED6B5300E36A73 /* Explore */ = {
			isa = PBXGroup;
			children = (
				6C025BEE29EE9FA6005B88E2 /* View */,
				6C025BED29EE9F9F005B88E2 /* ViewModel */,
			);
			path = Explore;
			sourceTree = "<group>";
		};
		6C49F27E29ED6B6300E36A73 /* Messages */ = {
			isa = PBXGroup;
			children = (
				6C49F28229ED6B9A00E36A73 /* MessagesView.swift */,
			);
			path = Messages;
			sourceTree = "<group>";
		};
		6C49F27F29ED6B6800E36A73 /* Notifications */ = {
			isa = PBXGroup;
			children = (
				6C49F28029ED6B8800E36A73 /* NotificationsView.swift */,
			);
			path = Notifications;
			sourceTree = "<group>";
		};
		6C49F28829ED6EF300E36A73 /* Views */ = {
			isa = PBXGroup;
			children = (
				6C49F28629ED6BC200E36A73 /* ProfileView.swift */,
			);
			path = Views;
			sourceTree = "<group>";
		};
		6C49F28B29ED6F1400E36A73 /* ViewModels */ = {
			isa = PBXGroup;
			children = (
				6C49F28C29ED7B3D00E36A73 /* TweetFilterViewModel.swift */,
			);
			path = ViewModels;
			sourceTree = "<group>";
		};
		6C6A2B3029F0261D00EFAA80 /* Authhenticion */ = {
			isa = PBXGroup;
			children = (
				6C6A2B3129F0262700EFAA80 /* ViewModels */,
				6C6A2B3229F0262D00EFAA80 /* Views */,
			);
			path = Authhenticion;
			sourceTree = "<group>";
		};
		6C6A2B3129F0262700EFAA80 /* ViewModels */ = {
			isa = PBXGroup;
			children = (
				6C6A2B4929F0504300EFAA80 /* AuthViewModel.swift */,
			);
			path = ViewModels;
			sourceTree = "<group>";
		};
		6C6A2B3229F0262D00EFAA80 /* Views */ = {
			isa = PBXGroup;
			children = (
				6C6A2B3329F0264B00EFAA80 /* LoginView.swift */,
				6C6A2B3729F0454100EFAA80 /* RegisterView.swift */,
			);
			path = Views;
			sourceTree = "<group>";
		};
		6C6A2B3B29F047E400EFAA80 /* Authhentication */ = {
			isa = PBXGroup;
			children = (
				6C6A2B3C29F0480400EFAA80 /* AuthenticationHeader.swift */,
			);
			path = Authhentication;
			sourceTree = "<group>";
		};
/* End PBXGroup section */

/* Begin PBXNativeTarget section */
		6C49F25429ED5DCB00E36A73 /* TwitterClone */ = {
			isa = PBXNativeTarget;
			buildConfigurationList = 6C49F26329ED5DCC00E36A73 /* Build configuration list for PBXNativeTarget "TwitterClone" */;
			buildPhases = (
				6C49F25129ED5DCB00E36A73 /* Sources */,
				6C49F25229ED5DCB00E36A73 /* Frameworks */,
				6C49F25329ED5DCB00E36A73 /* Resources */,
			);
			buildRules = (
			);
			dependencies = (
			);
			name = TwitterClone;
			packageProductDependencies = (
				6C6A2B4129F04F8C00EFAA80 /* FirebaseAuth */,
				6C6A2B4329F04F8C00EFAA80 /* FirebaseFirestore */,
				6C6A2B4529F04F8C00EFAA80 /* FirebaseFirestoreSwift */,
				6C6A2B4729F04F8C00EFAA80 /* FirebaseStorage */,
			);
			productName = TwitterClone;
			productReference = 6C49F25529ED5DCB00E36A73 /* TwitterClone.app */;
			productType = "com.apple.product-type.application";
		};
/* End PBXNativeTarget section */

/* Begin PBXProject section */
		6C49F24D29ED5DCB00E36A73 /* Project object */ = {
			isa = PBXProject;
			attributes = {
				BuildIndependentTargetsInParallel = 1;
				LastSwiftUpdateCheck = 1430;
				LastUpgradeCheck = 1430;
				TargetAttributes = {
					6C49F25429ED5DCB00E36A73 = {
						CreatedOnToolsVersion = 14.3;
					};
				};
			};
			buildConfigurationList = 6C49F25029ED5DCB00E36A73 /* Build configuration list for PBXProject "TwitterClone" */;
			compatibilityVersion = "Xcode 14.0";
			developmentRegion = en;
			hasScannedForEncodings = 0;
			knownRegions = (
				en,
				Base,
			);
			mainGroup = 6C49F24C29ED5DCB00E36A73;
			packageReferences = (
				6C6A2B4029F04F8C00EFAA80 /* XCRemoteSwiftPackageReference "firebase-ios-sdk" */,
			);
			productRefGroup = 6C49F25629ED5DCB00E36A73 /* Products */;
			projectDirPath = "";
			projectRoot = "";
			targets = (
				6C49F25429ED5DCB00E36A73 /* TwitterClone */,
			);
		};
/* End PBXProject section */

/* Begin PBXResourcesBuildPhase section */
		6C49F25329ED5DCB00E36A73 /* Resources */ = {
			isa = PBXResourcesBuildPhase;
			buildActionMask = 2147483647;
			files = (
				6C49F26029ED5DCC00E36A73 /* Preview Assets.xcassets in Resources */,
				6C49F25D29ED5DCC00E36A73 /* Assets.xcassets in Resources */,
				6C6A2B3F29F04D6D00EFAA80 /* GoogleService-Info.plist in Resources */,
			);
			runOnlyForDeploymentPostprocessing = 0;
		};
/* End PBXResourcesBuildPhase section */

/* Begin PBXSourcesBuildPhase section */
		6C49F25129ED5DCB00E36A73 /* Sources */ = {
			isa = PBXSourcesBuildPhase;
			buildActionMask = 2147483647;
			files = (
				6C6A2B3A29F0468D00EFAA80 /* CustomInputFields.swift in Sources */,
				6C49F28329ED6B9A00E36A73 /* MessagesView.swift in Sources */,
				6C49F28529ED6BAE00E36A73 /* ExploreView.swift in Sources */,
				6C49F28729ED6BC200E36A73 /* ProfileView.swift in Sources */,
				6C6A2B3D29F0480400EFAA80 /* AuthenticationHeader.swift in Sources */,
				6C6A2B3829F0454100EFAA80 /* RegisterView.swift in Sources */,
				6C025BF829EEA466005B88E2 /* SideMenuRowView.swift in Sources */,
				6C49F25B29ED5DCC00E36A73 /* ContentView.swift in Sources */,
				6C49F27529ED607A00E36A73 /* TweetsRowView.swift in Sources */,
				6C1B6DF929EEC855008133BF /* SideMenuView.swift in Sources */,
				6C1B6DF729EEC419008133BF /* TextArea.swift in Sources */,
				6C025BFC29EEA9A7005B88E2 /* UserStatsView.swift in Sources */,
				6C49F27229ED5EB900E36A73 /* FeedView.swift in Sources */,
				6C49F27729ED653A00E36A73 /* IconAssets.swift in Sources */,
				6C1B6DF529EEC19E008133BF /* NewTweetsView.swift in Sources */,
				6C49F25929ED5DCC00E36A73 /* TwitterCloneApp.swift in Sources */,
				6C49F28D29ED7B3D00E36A73 /* TweetFilterViewModel.swift in Sources */,
				6C49F27A29ED6A3B00E36A73 /* MainTabView.swift in Sources */,
				6C6A2B3629F0292D00EFAA80 /* RoundedShape.swift in Sources */,
				6C025BF129EEA0A0005B88E2 /* UserRowView.swift in Sources */,
				6C6A2B4A29F0504300EFAA80 /* AuthViewModel.swift in Sources */,
				6C6A2B3429F0264B00EFAA80 /* LoginView.swift in Sources */,
				6C025BFA29EEA47D005B88E2 /* SideMenuViewModel.swift in Sources */,
				6C49F28129ED6B8800E36A73 /* NotificationsView.swift in Sources */,
			);
			runOnlyForDeploymentPostprocessing = 0;
		};
/* End PBXSourcesBuildPhase section */

/* Begin XCBuildConfiguration section */
		6C49F26129ED5DCC00E36A73 /* Debug */ = {
			isa = XCBuildConfiguration;
			buildSettings = {
				ALWAYS_SEARCH_USER_PATHS = NO;
				CLANG_ANALYZER_NONNULL = YES;
				CLANG_ANALYZER_NUMBER_OBJECT_CONVERSION = YES_AGGRESSIVE;
				CLANG_CXX_LANGUAGE_STANDARD = "gnu++20";
				CLANG_ENABLE_MODULES = YES;
				CLANG_ENABLE_OBJC_ARC = YES;
				CLANG_ENABLE_OBJC_WEAK = YES;
				CLANG_WARN_BLOCK_CAPTURE_AUTORELEASING = YES;
				CLANG_WARN_BOOL_CONVERSION = YES;
				CLANG_WARN_COMMA = YES;
				CLANG_WARN_CONSTANT_CONVERSION = YES;
				CLANG_WARN_DEPRECATED_OBJC_IMPLEMENTATIONS = YES;
				CLANG_WARN_DIRECT_OBJC_ISA_USAGE = YES_ERROR;
				CLANG_WARN_DOCUMENTATION_COMMENTS = YES;
				CLANG_WARN_EMPTY_BODY = YES;
				CLANG_WARN_ENUM_CONVERSION = YES;
				CLANG_WARN_INFINITE_RECURSION = YES;
				CLANG_WARN_INT_CONVERSION = YES;
				CLANG_WARN_NON_LITERAL_NULL_CONVERSION = YES;
				CLANG_WARN_OBJC_IMPLICIT_RETAIN_SELF = YES;
				CLANG_WARN_OBJC_LITERAL_CONVERSION = YES;
				CLANG_WARN_OBJC_ROOT_CLASS = YES_ERROR;
				CLANG_WARN_QUOTED_INCLUDE_IN_FRAMEWORK_HEADER = YES;
				CLANG_WARN_RANGE_LOOP_ANALYSIS = YES;
				CLANG_WARN_STRICT_PROTOTYPES = YES;
				CLANG_WARN_SUSPICIOUS_MOVE = YES;
				CLANG_WARN_UNGUARDED_AVAILABILITY = YES_AGGRESSIVE;
				CLANG_WARN_UNREACHABLE_CODE = YES;
				CLANG_WARN__DUPLICATE_METHOD_MATCH = YES;
				COPY_PHASE_STRIP = NO;
				DEBUG_INFORMATION_FORMAT = dwarf;
				ENABLE_STRICT_OBJC_MSGSEND = YES;
				ENABLE_TESTABILITY = YES;
				GCC_C_LANGUAGE_STANDARD = gnu11;
				GCC_DYNAMIC_NO_PIC = NO;
				GCC_NO_COMMON_BLOCKS = YES;
				GCC_OPTIMIZATION_LEVEL = 0;
				GCC_PREPROCESSOR_DEFINITIONS = (
					"DEBUG=1",
					"$(inherited)",
				);
				GCC_WARN_64_TO_32_BIT_CONVERSION = YES;
				GCC_WARN_ABOUT_RETURN_TYPE = YES_ERROR;
				GCC_WARN_UNDECLARED_SELECTOR = YES;
				GCC_WARN_UNINITIALIZED_AUTOS = YES_AGGRESSIVE;
				GCC_WARN_UNUSED_FUNCTION = YES;
				GCC_WARN_UNUSED_VARIABLE = YES;
				IPHONEOS_DEPLOYMENT_TARGET = 16.4;
				MTL_ENABLE_DEBUG_INFO = INCLUDE_SOURCE;
				MTL_FAST_MATH = YES;
				ONLY_ACTIVE_ARCH = YES;
				SDKROOT = iphoneos;
				SWIFT_ACTIVE_COMPILATION_CONDITIONS = DEBUG;
				SWIFT_OPTIMIZATION_LEVEL = "-Onone";
			};
			name = Debug;
		};
		6C49F26229ED5DCC00E36A73 /* Release */ = {
			isa = XCBuildConfiguration;
			buildSettings = {
				ALWAYS_SEARCH_USER_PATHS = NO;
				CLANG_ANALYZER_NONNULL = YES;
				CLANG_ANALYZER_NUMBER_OBJECT_CONVERSION = YES_AGGRESSIVE;
				CLANG_CXX_LANGUAGE_STANDARD = "gnu++20";
				CLANG_ENABLE_MODULES = YES;
				CLANG_ENABLE_OBJC_ARC = YES;
				CLANG_ENABLE_OBJC_WEAK = YES;
				CLANG_WARN_BLOCK_CAPTURE_AUTORELEASING = YES;
				CLANG_WARN_BOOL_CONVERSION = YES;
				CLANG_WARN_COMMA = YES;
				CLANG_WARN_CONSTANT_CONVERSION = YES;
				CLANG_WARN_DEPRECATED_OBJC_IMPLEMENTATIONS = YES;
				CLANG_WARN_DIRECT_OBJC_ISA_USAGE = YES_ERROR;
				CLANG_WARN_DOCUMENTATION_COMMENTS = YES;
				CLANG_WARN_EMPTY_BODY = YES;
				CLANG_WARN_ENUM_CONVERSION = YES;
				CLANG_WARN_INFINITE_RECURSION = YES;
				CLANG_WARN_INT_CONVERSION = YES;
				CLANG_WARN_NON_LITERAL_NULL_CONVERSION = YES;
				CLANG_WARN_OBJC_IMPLICIT_RETAIN_SELF = YES;
				CLANG_WARN_OBJC_LITERAL_CONVERSION = YES;
				CLANG_WARN_OBJC_ROOT_CLASS = YES_ERROR;
				CLANG_WARN_QUOTED_INCLUDE_IN_FRAMEWORK_HEADER = YES;
				CLANG_WARN_RANGE_LOOP_ANALYSIS = YES;
				CLANG_WARN_STRICT_PROTOTYPES = YES;
				CLANG_WARN_SUSPICIOUS_MOVE = YES;
				CLANG_WARN_UNGUARDED_AVAILABILITY = YES_AGGRESSIVE;
				CLANG_WARN_UNREACHABLE_CODE = YES;
				CLANG_WARN__DUPLICATE_METHOD_MATCH = YES;
				COPY_PHASE_STRIP = NO;
				DEBUG_INFORMATION_FORMAT = "dwarf-with-dsym";
				ENABLE_NS_ASSERTIONS = NO;
				ENABLE_STRICT_OBJC_MSGSEND = YES;
				GCC_C_LANGUAGE_STANDARD = gnu11;
				GCC_NO_COMMON_BLOCKS = YES;
				GCC_WARN_64_TO_32_BIT_CONVERSION = YES;
				GCC_WARN_ABOUT_RETURN_TYPE = YES_ERROR;
				GCC_WARN_UNDECLARED_SELECTOR = YES;
				GCC_WARN_UNINITIALIZED_AUTOS = YES_AGGRESSIVE;
				GCC_WARN_UNUSED_FUNCTION = YES;
				GCC_WARN_UNUSED_VARIABLE = YES;
				IPHONEOS_DEPLOYMENT_TARGET = 16.4;
				MTL_ENABLE_DEBUG_INFO = NO;
				MTL_FAST_MATH = YES;
				SDKROOT = iphoneos;
				SWIFT_COMPILATION_MODE = wholemodule;
				SWIFT_OPTIMIZATION_LEVEL = "-O";
				VALIDATE_PRODUCT = YES;
			};
			name = Release;
		};
		6C49F26429ED5DCC00E36A73 /* Debug */ = {
			isa = XCBuildConfiguration;
			buildSettings = {
				ASSETCATALOG_COMPILER_APPICON_NAME = AppIcon;
				ASSETCATALOG_COMPILER_GLOBAL_ACCENT_COLOR_NAME = AccentColor;
				CODE_SIGN_STYLE = Automatic;
				CURRENT_PROJECT_VERSION = 1;
				DEVELOPMENT_ASSET_PATHS = "\"TwitterClone/Preview Content\"";
				DEVELOPMENT_TEAM = KC9Z5ZJF65;
				ENABLE_PREVIEWS = YES;
				GENERATE_INFOPLIST_FILE = YES;
				INFOPLIST_KEY_UIApplicationSceneManifest_Generation = YES;
				INFOPLIST_KEY_UIApplicationSupportsIndirectInputEvents = YES;
				INFOPLIST_KEY_UILaunchScreen_Generation = YES;
				INFOPLIST_KEY_UISupportedInterfaceOrientations_iPad = "UIInterfaceOrientationPortrait UIInterfaceOrientationPortraitUpsideDown UIInterfaceOrientationLandscapeLeft UIInterfaceOrientationLandscapeRight";
				INFOPLIST_KEY_UISupportedInterfaceOrientations_iPhone = "UIInterfaceOrientationPortrait UIInterfaceOrientationLandscapeLeft UIInterfaceOrientationLandscapeRight";
				LD_RUNPATH_SEARCH_PATHS = (
					"$(inherited)",
					"@executable_path/Frameworks",
				);
				MARKETING_VERSION = 1.0;
				PRODUCT_BUNDLE_IDENTIFIER = com.404ibra.TwitterClone;
				PRODUCT_NAME = "$(TARGET_NAME)";
				SWIFT_EMIT_LOC_STRINGS = YES;
				SWIFT_VERSION = 5.0;
				TARGETED_DEVICE_FAMILY = "1,2";
			};
			name = Debug;
		};
		6C49F26529ED5DCC00E36A73 /* Release */ = {
			isa = XCBuildConfiguration;
			buildSettings = {
				ASSETCATALOG_COMPILER_APPICON_NAME = AppIcon;
				ASSETCATALOG_COMPILER_GLOBAL_ACCENT_COLOR_NAME = AccentColor;
				CODE_SIGN_STYLE = Automatic;
				CURRENT_PROJECT_VERSION = 1;
				DEVELOPMENT_ASSET_PATHS = "\"TwitterClone/Preview Content\"";
				DEVELOPMENT_TEAM = KC9Z5ZJF65;
				ENABLE_PREVIEWS = YES;
				GENERATE_INFOPLIST_FILE = YES;
				INFOPLIST_KEY_UIApplicationSceneManifest_Generation = YES;
				INFOPLIST_KEY_UIApplicationSupportsIndirectInputEvents = YES;
				INFOPLIST_KEY_UILaunchScreen_Generation = YES;
				INFOPLIST_KEY_UISupportedInterfaceOrientations_iPad = "UIInterfaceOrientationPortrait UIInterfaceOrientationPortraitUpsideDown UIInterfaceOrientationLandscapeLeft UIInterfaceOrientationLandscapeRight";
				INFOPLIST_KEY_UISupportedInterfaceOrientations_iPhone = "UIInterfaceOrientationPortrait UIInterfaceOrientationLandscapeLeft UIInterfaceOrientationLandscapeRight";
				LD_RUNPATH_SEARCH_PATHS = (
					"$(inherited)",
					"@executable_path/Frameworks",
				);
				MARKETING_VERSION = 1.0;
				PRODUCT_BUNDLE_IDENTIFIER = com.404ibra.TwitterClone;
				PRODUCT_NAME = "$(TARGET_NAME)";
				SWIFT_EMIT_LOC_STRINGS = YES;
				SWIFT_VERSION = 5.0;
				TARGETED_DEVICE_FAMILY = "1,2";
			};
			name = Release;
		};
/* End XCBuildConfiguration section */

/* Begin XCConfigurationList section */
		6C49F25029ED5DCB00E36A73 /* Build configuration list for PBXProject "TwitterClone" */ = {
			isa = XCConfigurationList;
			buildConfigurations = (
				6C49F26129ED5DCC00E36A73 /* Debug */,
				6C49F26229ED5DCC00E36A73 /* Release */,
			);
			defaultConfigurationIsVisible = 0;
			defaultConfigurationName = Release;
		};
		6C49F26329ED5DCC00E36A73 /* Build configuration list for PBXNativeTarget "TwitterClone" */ = {
			isa = XCConfigurationList;
			buildConfigurations = (
				6C49F26429ED5DCC00E36A73 /* Debug */,
				6C49F26529ED5DCC00E36A73 /* Release */,
			);
			defaultConfigurationIsVisible = 0;
			defaultConfigurationName = Release;
		};
/* End XCConfigurationList section */

/* Begin XCRemoteSwiftPackageReference section */
		6C6A2B4029F04F8C00EFAA80 /* XCRemoteSwiftPackageReference "firebase-ios-sdk" */ = {
			isa = XCRemoteSwiftPackageReference;
			repositoryURL = "https://github.com/firebase/firebase-ios-sdk";
			requirement = {
				kind = upToNextMajorVersion;
				minimumVersion = 10.0.0;
			};
		};
/* End XCRemoteSwiftPackageReference section */

/* Begin XCSwiftPackageProductDependency section */
		6C6A2B4129F04F8C00EFAA80 /* FirebaseAuth */ = {
			isa = XCSwiftPackageProductDependency;
			package = 6C6A2B4029F04F8C00EFAA80 /* XCRemoteSwiftPackageReference "firebase-ios-sdk" */;
			productName = FirebaseAuth;
		};
		6C6A2B4329F04F8C00EFAA80 /* FirebaseFirestore */ = {
			isa = XCSwiftPackageProductDependency;
			package = 6C6A2B4029F04F8C00EFAA80 /* XCRemoteSwiftPackageReference "firebase-ios-sdk" */;
			productName = FirebaseFirestore;
		};
		6C6A2B4529F04F8C00EFAA80 /* FirebaseFirestoreSwift */ = {
			isa = XCSwiftPackageProductDependency;
			package = 6C6A2B4029F04F8C00EFAA80 /* XCRemoteSwiftPackageReference "firebase-ios-sdk" */;
			productName = FirebaseFirestoreSwift;
		};
		6C6A2B4729F04F8C00EFAA80 /* FirebaseStorage */ = {
			isa = XCSwiftPackageProductDependency;
			package = 6C6A2B4029F04F8C00EFAA80 /* XCRemoteSwiftPackageReference "firebase-ios-sdk" */;
			productName = FirebaseStorage;
		};
/* End XCSwiftPackageProductDependency section */
	};
	rootObject = 6C49F24D29ED5DCB00E36A73 /* Project object */;
}
